
Microsoft Visual Studio Solution File, Format Version 12.00
# Visual Studio Version 16
VisualStudioVersion = 16.0.31702.278
MinimumVisualStudioVersion = 10.0.40219.1
Project("{FAE04EC0-301F-11D3-BF4B-00C04F79EFBC}") = "CCA.UWP", "CCA\CCA.UWP\CCA.UWP.csproj", "{4D34B4CE-C005-45B0-B39E-0E9C942DDB8B}"
EndProject
Project("{FAE04EC0-301F-11D3-BF4B-00C04F79EFBC}") = "CCA.Android", "CCA\CCA.Android\CCA.Android.csproj", "{4F6F3F19-9107-41AE-ADE0-D31219F6171E}"
EndProject
Project("{FAE04EC0-301F-11D3-BF4B-00C04F79EFBC}") = "CCA.iOS", "CCA\CCA.iOS\CCA.iOS.csproj", "{DE0E147B-A16D-4B47-8752-C160CAA7C732}"
EndProject
Project("{FAE04EC0-301F-11D3-BF4B-00C04F79EFBC}") = "CCA", "CCA\CCA\CCA.csproj", "{7DD9B613-BAF5-4BE2-844F-85B4FFA0ABB6}"
EndProject
Global
	GlobalSection(SolutionConfigurationPlatforms) = preSolution
		Debug|Any CPU = Debug|Any CPU
		Debug|ARM = Debug|ARM
		Debug|iPhone = Debug|iPhone
		Debug|iPhoneSimulator = Debug|iPhoneSimulator
		Debug|x64 = Debug|x64
		Debug|x86 = Debug|x86
		Release|Any CPU = Release|Any CPU
		Release|ARM = Release|ARM
		Release|iPhone = Release|iPhone
		Release|iPhoneSimulator = Release|iPhoneSimulator
		Release|x64 = Release|x64
		Release|x86 = Release|x86
	EndGlobalSection
	GlobalSection(ProjectConfigurationPlatforms) = postSolution
		{4D34B4CE-C005-45B0-B39E-0E9C942DDB8B}.Debug|Any CPU.ActiveCfg = Debug|x86
		{4D34B4CE-C005-45B0-B39E-0E9C942DDB8B}.Debug|Any CPU.Build.0 = Debug|x86
		{4D34B4CE-C005-45B0-B39E-0E9C942DDB8B}.Debug|Any CPU.Deploy.0 = Debug|x86
		{4D34B4CE-C005-45B0-B39E-0E9C942DDB8B}.Debug|ARM.ActiveCfg = Debug|ARM
		{4D34B4CE-C005-45B0-B39E-0E9C942DDB8B}.Debug|ARM.Build.0 = Debug|ARM
		{4D34B4CE-C005-45B0-B39E-0E9C942DDB8B}.Debug|ARM.Deploy.0 = Debug|ARM
		{4D34B4CE-C005-45B0-B39E-0E9C942DDB8B}.Debug|iPhone.ActiveCfg = Debug|x86
		{4D34B4CE-C005-45B0-B39E-0E9C942DDB8B}.Debug|iPhone.Build.0 = Debug|x86
		{4D34B4CE-C005-45B0-B39E-0E9C942DDB8B}.Debug|iPhone.Deploy.0 = Debug|x86
		{4D34B4CE-C005-45B0-B39E-0E9C942DDB8B}.Debug|iPhoneSimulator.ActiveCfg = Debug|x86
		{4D34B4CE-C005-45B0-B39E-0E9C942DDB8B}.Debug|iPhoneSimulator.Build.0 = Debug|x86
		{4D34B4CE-C005-45B0-B39E-0E9C942DDB8B}.Debug|iPhoneSimulator.Deploy.0 = Debug|x86
		{4D34B4CE-C005-45B0-B39E-0E9C942DDB8B}.Debug|x64.ActiveCfg = Debug|x64
		{4D34B4CE-C005-45B0-B39E-0E9C942DDB8B}.Debug|x64.Build.0 = Debug|x64
		{4D34B4CE-C005-45B0-B39E-0E9C942DDB8B}.Debug|x64.Deploy.0 = Debug|x64
		{4D34B4CE-C005-45B0-B39E-0E9C942DDB8B}.Debug|x86.ActiveCfg = Debug|x86
		{4D34B4CE-C005-45B0-B39E-0E9C942DDB8B}.Debug|x86.Build.0 = Debug|x86
		{4D34B4CE-C005-45B0-B39E-0E9C942DDB8B}.Debug|x86.Deploy.0 = Debug|x86
		{4D34B4CE-C005-45B0-B39E-0E9C942DDB8B}.Release|Any CPU.ActiveCfg = Release|x86
		{4D34B4CE-C005-45B0-B39E-0E9C942DDB8B}.Release|Any CPU.Build.0 = Release|x86
		{4D34B4CE-C005-45B0-B39E-0E9C942DDB8B}.Release|Any CPU.Deploy.0 = Release|x86
		{4D34B4CE-C005-45B0-B39E-0E9C942DDB8B}.Release|ARM.ActiveCfg = Release|ARM
		{4D34B4CE-C005-45B0-B39E-0E9C942DDB8B}.Release|ARM.Build.0 = Release|ARM
		{4D34B4CE-C005-45B0-B39E-0E9C942DDB8B}.Release|ARM.Deploy.0 = Release|ARM
		{4D34B4CE-C005-45B0-B39E-0E9C942DDB8B}.Release|iPhone.ActiveCfg = Release|x86
		{4D34B4CE-C005-45B0-B39E-0E9C942DDB8B}.Release|iPhone.Build.0 = Release|x86
		{4D34B4CE-C005-45B0-B39E-0E9C942DDB8B}.Release|iPhone.Deploy.0 = Release|x86
		{4D34B4CE-C005-45B0-B39E-0E9C942DDB8B}.Release|iPhoneSimulator.ActiveCfg = Release|x86
		{4D34B4CE-C005-45B0-B39E-0E9C942DDB8B}.Release|iPhoneSimulator.Build.0 = Release|x86
		{4D34B4CE-C005-45B0-B39E-0E9C942DDB8B}.Release|iPhoneSimulator.Deploy.0 = Release|x86
		{4D34B4CE-C005-45B0-B39E-0E9C942DDB8B}.Release|x64.ActiveCfg = Release|x64
		{4D34B4CE-C005-45B0-B39E-0E9C942DDB8B}.Release|x64.Build.0 = Release|x64
		{4D34B4CE-C005-45B0-B39E-0E9C942DDB8B}.Release|x64.Deploy.0 = Release|x64
		{4D34B4CE-C005-45B0-B39E-0E9C942DDB8B}.Release|x86.ActiveCfg = Release|x86
		{4D34B4CE-C005-45B0-B39E-0E9C942DDB8B}.Release|x86.Build.0 = Release|x86
		{4D34B4CE-C005-45B0-B39E-0E9C942DDB8B}.Release|x86.Deploy.0 = Release|x86
		{4F6F3F19-9107-41AE-ADE0-D31219F6171E}.Debug|Any CPU.ActiveCfg = Debug|Any CPU
		{4F6F3F19-9107-41AE-ADE0-D31219F6171E}.Debug|Any CPU.Build.0 = Debug|Any CPU
		{4F6F3F19-9107-41AE-ADE0-D31219F6171E}.Debug|Any CPU.Deploy.0 = Debug|Any CPU
		{4F6F3F19-9107-41AE-ADE0-D31219F6171E}.Debug|ARM.ActiveCfg = Debug|Any CPU
		{4F6F3F19-9107-41AE-ADE0-D31219F6171E}.Debug|ARM.Build.0 = Debug|Any CPU
		{4F6F3F19-9107-41AE-ADE0-D31219F6171E}.Debug|ARM.Deploy.0 = Debug|Any CPU
		{4F6F3F19-9107-41AE-ADE0-D31219F6171E}.Debug|iPhone.ActiveCfg = Debug|Any CPU
		{4F6F3F19-9107-41AE-ADE0-D31219F6171E}.Debug|iPhone.Build.0 = Debug|Any CPU
		{4F6F3F19-9107-41AE-ADE0-D31219F6171E}.Debug|iPhone.Deploy.0 = Debug|Any CPU
		{4F6F3F19-9107-41AE-ADE0-D31219F6171E}.Debug|iPhoneSimulator.ActiveCfg = Debug|Any CPU
		{4F6F3F19-9107-41AE-ADE0-D31219F6171E}.Debug|iPhoneSimulator.Build.0 = Debug|Any CPU
		{4F6F3F19-9107-41AE-ADE0-D31219F6171E}.Debug|iPhoneSimulator.Deploy.0 = Debug|Any CPU
		{4F6F3F19-9107-41AE-ADE0-D31219F6171E}.Debug|x64.ActiveCfg = Debug|Any CPU
		{4F6F3F19-9107-41AE-ADE0-D31219F6171E}.Debug|x64.Build.0 = Debug|Any CPU
		{4F6F3F19-9107-41AE-ADE0-D31219F6171E}.Debug|x64.Deploy.0 = Debug|Any CPU
		{4F6F3F19-9107-41AE-ADE0-D31219F6171E}.Debug|x86.ActiveCfg = Debug|Any CPU
		{4F6F3F19-9107-41AE-ADE0-D31219F6171E}.Debug|x86.Build.0 = Debug|Any CPU
		{4F6F3F19-9107-41AE-ADE0-D31219F6171E}.Debug|x86.Deploy.0 = Debug|Any CPU
		{4F6F3F19-9107-41AE-ADE0-D31219F6171E}.Release|Any CPU.ActiveCfg = Release|Any CPU
		{4F6F3F19-9107-41AE-ADE0-D31219F6171E}.Release|Any CPU.Build.0 = Release|Any CPU
		{4F6F3F19-9107-41AE-ADE0-D31219F6171E}.Release|Any CPU.Deploy.0 = Release|Any CPU
		{4F6F3F19-9107-41AE-ADE0-D31219F6171E}.Release|ARM.ActiveCfg = Release|Any CPU
		{4F6F3F19-9107-41AE-ADE0-D31219F6171E}.Release|ARM.Build.0 = Release|Any CPU
		{4F6F3F19-9107-41AE-ADE0-D31219F6171E}.Release|ARM.Deploy.0 = Release|Any CPU
		{4F6F3F19-9107-41AE-ADE0-D31219F6171E}.Release|iPhone.ActiveCfg = Release|Any CPU
		{4F6F3F19-9107-41AE-ADE0-D31219F6171E}.Release|iPhone.Build.0 = Release|Any CPU
		{4F6F3F19-9107-41AE-ADE0-D31219F6171E}.Release|iPhone.Deploy.0 = Release|Any CPU
		{4F6F3F19-9107-41AE-ADE0-D31219F6171E}.Release|iPhoneSimulator.ActiveCfg = Release|Any CPU
		{4F6F3F19-9107-41AE-ADE0-D31219F6171E}.Release|iPhoneSimulator.Build.0 = Release|Any CPU
		{4F6F3F19-9107-41AE-ADE0-D31219F6171E}.Release|iPhoneSimulator.Deploy.0 = Release|Any CPU
		{4F6F3F19-9107-41AE-ADE0-D31219F6171E}.Release|x64.ActiveCfg = Release|Any CPU
		{4F6F3F19-9107-41AE-ADE0-D31219F6171E}.Release|x64.Build.0 = Release|Any CPU
		{4F6F3F19-9107-41AE-ADE0-D31219F6171E}.Release|x64.Deploy.0 = Release|Any CPU
		{4F6F3F19-9107-41AE-ADE0-D31219F6171E}.Release|x86.ActiveCfg = Release|Any CPU
		{4F6F3F19-9107-41AE-ADE0-D31219F6171E}.Release|x86.Build.0 = Release|Any CPU
		{4F6F3F19-9107-41AE-ADE0-D31219F6171E}.Release|x86.Deploy.0 = Release|Any CPU
		{DE0E147B-A16D-4B47-8752-C160CAA7C732}.Debug|Any CPU.ActiveCfg = Debug|iPhoneSimulator
		{DE0E147B-A16D-4B47-8752-C160CAA7C732}.Debug|Any CPU.Build.0 = Debug|iPhoneSimulator
		{DE0E147B-A16D-4B47-8752-C160CAA7C732}.Debug|Any CPU.Deploy.0 = Debug|iPhoneSimulator
		{DE0E147B-A16D-4B47-8752-C160CAA7C732}.Debug|ARM.ActiveCfg = Debug|iPhone
		{DE0E147B-A16D-4B47-8752-C160CAA7C732}.Debug|ARM.Build.0 = Debug|iPhone
		{DE0E147B-A16D-4B47-8752-C160CAA7C732}.Debug|ARM.Deploy.0 = Debug|iPhone
		{DE0E147B-A16D-4B47-8752-C160CAA7C732}.Debug|iPhone.ActiveCfg = Debug|iPhone
		{DE0E147B-A16D-4B47-8752-C160CAA7C732}.Debug|iPhone.Build.0 = Debug|iPhone
		{DE0E147B-A16D-4B47-8752-C160CAA7C732}.Debug|iPhone.Deploy.0 = Debug|iPhone
		{DE0E147B-A16D-4B47-8752-C160CAA7C732}.Debug|iPhoneSimulator.ActiveCfg = Debug|iPhoneSimulator
		{DE0E147B-A16D-4B47-8752-C160CAA7C732}.Debug|iPhoneSimulator.Build.0 = Debug|iPhoneSimulator
		{DE0E147B-A16D-4B47-8752-C160CAA7C732}.Debug|iPhoneSimulator.Deploy.0 = Debug|iPhoneSimulator
		{DE0E147B-A16D-4B47-8752-C160CAA7C732}.Debug|x64.ActiveCfg = Debug|iPhoneSimulator
		{DE0E147B-A16D-4B47-8752-C160CAA7C732}.Debug|x64.Build.0 = Debug|iPhoneSimulator
		{DE0E147B-A16D-4B47-8752-C160CAA7C732}.Debug|x64.Deploy.0 = Debug|iPhoneSimulator
		{DE0E147B-A16D-4B47-8752-C160CAA7C732}.Debug|x86.ActiveCfg = Debug|iPhoneSimulator
		{DE0E147B-A16D-4B47-8752-C160CAA7C732}.Debug|x86.Build.0 = Debug|iPhoneSimulator
		{DE0E147B-A16D-4B47-8752-C160CAA7C732}.Debug|x86.Deploy.0 = Debug|iPhoneSimulator
		{DE0E147B-A16D-4B47-8752-C160CAA7C732}.Release|Any CPU.ActiveCfg = Release|iPhoneSimulator
		{DE0E147B-A16D-4B47-8752-C160CAA7C732}.Release|Any CPU.Build.0 = Release|iPhoneSimulator
		{DE0E147B-A16D-4B47-8752-C160CAA7C732}.Release|Any CPU.Deploy.0 = Release|iPhoneSimulator
		{DE0E147B-A16D-4B47-8752-C160CAA7C732}.Release|ARM.ActiveCfg = Release|iPhoneSimulator
		{DE0E147B-A16D-4B47-8752-C160CAA7C732}.Release|ARM.Build.0 = Release|iPhoneSimulator
		{DE0E147B-A16D-4B47-8752-C160CAA7C732}.Release|ARM.Deploy.0 = Release|iPhoneSimulator
		{DE0E147B-A16D-4B47-8752-C160CAA7C732}.Release|iPhone.ActiveCfg = Release|iPhone
		{DE0E147B-A16D-4B47-8752-C160CAA7C732}.Release|iPhone.Build.0 = Release|iPhone
		{DE0E147B-A16D-4B47-8752-C160CAA7C732}.Release|iPhone.Deploy.0 = Release|iPhone
		{DE0E147B-A16D-4B47-8752-C160CAA7C732}.Release|iPhoneSimulator.ActiveCfg = Release|iPhoneSimulator
		{DE0E147B-A16D-4B47-8752-C160CAA7C732}.Release|iPhoneSimulator.Build.0 = Release|iPhoneSimulator
		{DE0E147B-A16D-4B47-8752-C160CAA7C732}.Release|iPhoneSimulator.Deploy.0 = Release|iPhoneSimulator
		{DE0E147B-A16D-4B47-8752-C160CAA7C732}.Release|x64.ActiveCfg = Release|iPhoneSimulator
		{DE0E147B-A16D-4B47-8752-C160CAA7C732}.Release|x64.Build.0 = Release|iPhoneSimulator
		{DE0E147B-A16D-4B47-8752-C160CAA7C732}.Release|x64.Deploy.0 = Release|iPhoneSimulator
		{DE0E147B-A16D-4B47-8752-C160CAA7C732}.Release|x86.ActiveCfg = Release|iPhoneSimulator
		{DE0E147B-A16D-4B47-8752-C160CAA7C732}.Release|x86.Build.0 = Release|iPhoneSimulator
		{DE0E147B-A16D-4B47-8752-C160CAA7C732}.Release|x86.Deploy.0 = Release|iPhoneSimulator
		{7DD9B613-BAF5-4BE2-844F-85B4FFA0ABB6}.Debug|Any CPU.ActiveCfg = Debug|Any CPU
		{7DD9B613-BAF5-4BE2-844F-85B4FFA0ABB6}.Debug|Any CPU.Build.0 = Debug|Any CPU
		{7DD9B613-BAF5-4BE2-844F-85B4FFA0ABB6}.Debug|Any CPU.Deploy.0 = Debug|Any CPU
		{7DD9B613-BAF5-4BE2-844F-85B4FFA0ABB6}.Debug|ARM.ActiveCfg = Debug|Any CPU
		{7DD9B613-BAF5-4BE2-844F-85B4FFA0ABB6}.Debug|ARM.Build.0 = Debug|Any CPU
		{7DD9B613-BAF5-4BE2-844F-85B4FFA0ABB6}.Debug|ARM.Deploy.0 = Debug|Any CPU
		{7DD9B613-BAF5-4BE2-844F-85B4FFA0ABB6}.Debug|iPhone.ActiveCfg = Debug|Any CPU
		{7DD9B613-BAF5-4BE2-844F-85B4FFA0ABB6}.Debug|iPhone.Build.0 = Debug|Any CPU
		{7DD9B613-BAF5-4BE2-844F-85B4FFA0ABB6}.Debug|iPhone.Deploy.0 = Debug|Any CPU
		{7DD9B613-BAF5-4BE2-844F-85B4FFA0ABB6}.Debug|iPhoneSimulator.ActiveCfg = Debug|Any CPU
		{7DD9B613-BAF5-4BE2-844F-85B4FFA0ABB6}.Debug|iPhoneSimulator.Build.0 = Debug|Any CPU
		{7DD9B613-BAF5-4BE2-844F-85B4FFA0ABB6}.Debug|iPhoneSimulator.Deploy.0 = Debug|Any CPU
		{7DD9B613-BAF5-4BE2-844F-85B4FFA0ABB6}.Debug|x64.ActiveCfg = Debug|Any CPU
		{7DD9B613-BAF5-4BE2-844F-85B4FFA0ABB6}.Debug|x64.Build.0 = Debug|Any CPU
		{7DD9B613-BAF5-4BE2-844F-85B4FFA0ABB6}.Debug|x64.Deploy.0 = Debug|Any CPU
		{7DD9B613-BAF5-4BE2-844F-85B4FFA0ABB6}.Debug|x86.ActiveCfg = Debug|Any CPU
		{7DD9B613-BAF5-4BE2-844F-85B4FFA0ABB6}.Debug|x86.Build.0 = Debug|Any CPU
		{7DD9B613-BAF5-4BE2-844F-85B4FFA0ABB6}.Debug|x86.Deploy.0 = Debug|Any CPU
		{7DD9B613-BAF5-4BE2-844F-85B4FFA0ABB6}.Release|Any CPU.ActiveCfg = Release|Any CPU
		{7DD9B613-BAF5-4BE2-844F-85B4FFA0ABB6}.Release|Any CPU.Build.0 = Release|Any CPU
		{7DD9B613-BAF5-4BE2-844F-85B4FFA0ABB6}.Release|Any CPU.Deploy.0 = Release|Any CPU
		{7DD9B613-BAF5-4BE2-844F-85B4FFA0ABB6}.Release|ARM.ActiveCfg = Release|Any CPU
		{7DD9B613-BAF5-4BE2-844F-85B4FFA0ABB6}.Release|ARM.Build.0 = Release|Any CPU
		{7DD9B613-BAF5-4BE2-844F-85B4FFA0ABB6}.Release|ARM.Deploy.0 = Release|Any CPU
		{7DD9B613-BAF5-4BE2-844F-85B4FFA0ABB6}.Release|iPhone.ActiveCfg = Release|Any CPU
		{7DD9B613-BAF5-4BE2-844F-85B4FFA0ABB6}.Release|iPhone.Build.0 = Release|Any CPU
		{7DD9B613-BAF5-4BE2-844F-85B4FFA0ABB6}.Release|iPhone.Deploy.0 = Release|Any CPU
		{7DD9B613-BAF5-4BE2-844F-85B4FFA0ABB6}.Release|iPhoneSimulator.ActiveCfg = Release|Any CPU
		{7DD9B613-BAF5-4BE2-844F-85B4FFA0ABB6}.Release|iPhoneSimulator.Build.0 = Release|Any CPU
		{7DD9B613-BAF5-4BE2-844F-85B4FFA0ABB6}.Release|iPhoneSimulator.Deploy.0 = Release|Any CPU
		{7DD9B613-BAF5-4BE2-844F-85B4FFA0ABB6}.Release|x64.ActiveCfg = Release|Any CPU
		{7DD9B613-BAF5-4BE2-844F-85B4FFA0ABB6}.Release|x64.Build.0 = Release|Any CPU
		{7DD9B613-BAF5-4BE2-844F-85B4FFA0ABB6}.Release|x64.Deploy.0 = Release|Any CPU
		{7DD9B613-BAF5-4BE2-844F-85B4FFA0ABB6}.Release|x86.ActiveCfg = Release|Any CPU
		{7DD9B613-BAF5-4BE2-844F-85B4FFA0ABB6}.Release|x86.Build.0 = Release|Any CPU
		{7DD9B613-BAF5-4BE2-844F-85B4FFA0ABB6}.Release|x86.Deploy.0 = Release|Any CPU
	EndGlobalSection
	GlobalSection(SolutionProperties) = preSolution
		HideSolutionNode = FALSE
	EndGlobalSection
	GlobalSection(ExtensibilityGlobals) = postSolution
		SolutionGuid = {23DAB1FF-DD93-40EA-B1E8-60796A6EEE0F}
	EndGlobalSection
EndGlobal
