
Microsoft Visual Studio Solution File, Format Version 12.00
# Visual Studio Version 16
VisualStudioVersion = 16.0.29613.14
MinimumVisualStudioVersion = 10.0.40219.1
Project("{8BC9CEB8-8B4A-11D0-8D11-00A0C91BC942}") = "GSNetwork", "GSNetwork\GSNetwork.vcxproj", "{5CC150A9-431C-400E-ADCA-287D34A466EC}"
EndProject
Project("{8BC9CEB8-8B4A-11D0-8D11-00A0C91BC942}") = "BoardServer", "BoardServer\BoardServer.vcxproj", "{FC113D51-4CE0-4EE8-A319-21F86E357AEB}"
	ProjectSection(ProjectDependencies) = postProject
		{5CC150A9-431C-400E-ADCA-287D34A466EC} = {5CC150A9-431C-400E-ADCA-287D34A466EC}
		{D83663D1-4312-4F66-9CC3-895CEA218CE9} = {D83663D1-4312-4F66-9CC3-895CEA218CE9}
	EndProjectSection
EndProject
Project("{8BC9CEB8-8B4A-11D0-8D11-00A0C91BC942}") = "MongoDB", "MongoDB\MongoDB.vcxproj", "{D83663D1-4312-4F66-9CC3-895CEA218CE9}"
EndProject
Global
	GlobalSection(SolutionConfigurationPlatforms) = preSolution
		Debug|Mixed Platforms = Debug|Mixed Platforms
		Debug|Win32 = Debug|Win32
		Debug|x64 = Debug|x64
		Debug|x86 = Debug|x86
		dummy|Mixed Platforms = dummy|Mixed Platforms
		dummy|Win32 = dummy|Win32
		dummy|x64 = dummy|x64
		dummy|x86 = dummy|x86
		Release|Mixed Platforms = Release|Mixed Platforms
		Release|Win32 = Release|Win32
		Release|x64 = Release|x64
		Release|x86 = Release|x86
		ReleaseBuild|Mixed Platforms = ReleaseBuild|Mixed Platforms
		ReleaseBuild|Win32 = ReleaseBuild|Win32
		ReleaseBuild|x64 = ReleaseBuild|x64
		ReleaseBuild|x86 = ReleaseBuild|x86
	EndGlobalSection
	GlobalSection(ProjectConfigurationPlatforms) = postSolution
		{5CC150A9-431C-400E-ADCA-287D34A466EC}.Debug|Mixed Platforms.ActiveCfg = Debug|x64
		{5CC150A9-431C-400E-ADCA-287D34A466EC}.Debug|Mixed Platforms.Build.0 = Debug|x64
		{5CC150A9-431C-400E-ADCA-287D34A466EC}.Debug|Win32.ActiveCfg = Debug|Win32
		{5CC150A9-431C-400E-ADCA-287D34A466EC}.Debug|Win32.Build.0 = Debug|Win32
		{5CC150A9-431C-400E-ADCA-287D34A466EC}.Debug|x64.ActiveCfg = Debug|x64
		{5CC150A9-431C-400E-ADCA-287D34A466EC}.Debug|x64.Build.0 = Debug|x64
		{5CC150A9-431C-400E-ADCA-287D34A466EC}.Debug|x86.ActiveCfg = Debug|x64
		{5CC150A9-431C-400E-ADCA-287D34A466EC}.dummy|Mixed Platforms.ActiveCfg = Debug|x64
		{5CC150A9-431C-400E-ADCA-287D34A466EC}.dummy|Mixed Platforms.Build.0 = Debug|x64
		{5CC150A9-431C-400E-ADCA-287D34A466EC}.dummy|Win32.ActiveCfg = Debug|x64
		{5CC150A9-431C-400E-ADCA-287D34A466EC}.dummy|x64.ActiveCfg = Debug|x64
		{5CC150A9-431C-400E-ADCA-287D34A466EC}.dummy|x64.Build.0 = Debug|x64
		{5CC150A9-431C-400E-ADCA-287D34A466EC}.dummy|x86.ActiveCfg = Debug|x64
		{5CC150A9-431C-400E-ADCA-287D34A466EC}.Release|Mixed Platforms.ActiveCfg = Release|x64
		{5CC150A9-431C-400E-ADCA-287D34A466EC}.Release|Mixed Platforms.Build.0 = Release|x64
		{5CC150A9-431C-400E-ADCA-287D34A466EC}.Release|Win32.ActiveCfg = Release|Win32
		{5CC150A9-431C-400E-ADCA-287D34A466EC}.Release|Win32.Build.0 = Release|Win32
		{5CC150A9-431C-400E-ADCA-287D34A466EC}.Release|x64.ActiveCfg = Release|x64
		{5CC150A9-431C-400E-ADCA-287D34A466EC}.Release|x64.Build.0 = Release|x64
		{5CC150A9-431C-400E-ADCA-287D34A466EC}.Release|x86.ActiveCfg = Release|x64
		{5CC150A9-431C-400E-ADCA-287D34A466EC}.ReleaseBuild|Mixed Platforms.ActiveCfg = ReleaseBuild|Win32
		{5CC150A9-431C-400E-ADCA-287D34A466EC}.ReleaseBuild|Mixed Platforms.Build.0 = ReleaseBuild|Win32
		{5CC150A9-431C-400E-ADCA-287D34A466EC}.ReleaseBuild|Win32.ActiveCfg = ReleaseBuild|Win32
		{5CC150A9-431C-400E-ADCA-287D34A466EC}.ReleaseBuild|Win32.Build.0 = ReleaseBuild|Win32
		{5CC150A9-431C-400E-ADCA-287D34A466EC}.ReleaseBuild|x64.ActiveCfg = ReleaseBuild|x64
		{5CC150A9-431C-400E-ADCA-287D34A466EC}.ReleaseBuild|x64.Build.0 = ReleaseBuild|x64
		{5CC150A9-431C-400E-ADCA-287D34A466EC}.ReleaseBuild|x86.ActiveCfg = ReleaseBuild|Win32
		{5CC150A9-431C-400E-ADCA-287D34A466EC}.ReleaseBuild|x86.Build.0 = ReleaseBuild|Win32
		{FC113D51-4CE0-4EE8-A319-21F86E357AEB}.Debug|Mixed Platforms.ActiveCfg = Debug|Win32
		{FC113D51-4CE0-4EE8-A319-21F86E357AEB}.Debug|Mixed Platforms.Build.0 = Debug|Win32
		{FC113D51-4CE0-4EE8-A319-21F86E357AEB}.Debug|Win32.ActiveCfg = Debug|Win32
		{FC113D51-4CE0-4EE8-A319-21F86E357AEB}.Debug|Win32.Build.0 = Debug|Win32
		{FC113D51-4CE0-4EE8-A319-21F86E357AEB}.Debug|x64.ActiveCfg = Debug|x64
		{FC113D51-4CE0-4EE8-A319-21F86E357AEB}.Debug|x64.Build.0 = Debug|x64
		{FC113D51-4CE0-4EE8-A319-21F86E357AEB}.Debug|x86.ActiveCfg = Debug|Win32
		{FC113D51-4CE0-4EE8-A319-21F86E357AEB}.Debug|x86.Build.0 = Debug|Win32
		{FC113D51-4CE0-4EE8-A319-21F86E357AEB}.dummy|Mixed Platforms.ActiveCfg = Debug|Win32
		{FC113D51-4CE0-4EE8-A319-21F86E357AEB}.dummy|Mixed Platforms.Build.0 = Debug|Win32
		{FC113D51-4CE0-4EE8-A319-21F86E357AEB}.dummy|Win32.ActiveCfg = Debug|Win32
		{FC113D51-4CE0-4EE8-A319-21F86E357AEB}.dummy|Win32.Build.0 = Debug|Win32
		{FC113D51-4CE0-4EE8-A319-21F86E357AEB}.dummy|x64.ActiveCfg = Debug|x64
		{FC113D51-4CE0-4EE8-A319-21F86E357AEB}.dummy|x64.Build.0 = Debug|x64
		{FC113D51-4CE0-4EE8-A319-21F86E357AEB}.dummy|x86.ActiveCfg = Debug|Win32
		{FC113D51-4CE0-4EE8-A319-21F86E357AEB}.dummy|x86.Build.0 = Debug|Win32
		{FC113D51-4CE0-4EE8-A319-21F86E357AEB}.Release|Mixed Platforms.ActiveCfg = Release|Win32
		{FC113D51-4CE0-4EE8-A319-21F86E357AEB}.Release|Mixed Platforms.Build.0 = Release|Win32
		{FC113D51-4CE0-4EE8-A319-21F86E357AEB}.Release|Win32.ActiveCfg = Release|Win32
		{FC113D51-4CE0-4EE8-A319-21F86E357AEB}.Release|Win32.Build.0 = Release|Win32
		{FC113D51-4CE0-4EE8-A319-21F86E357AEB}.Release|x64.ActiveCfg = Release|x64
		{FC113D51-4CE0-4EE8-A319-21F86E357AEB}.Release|x64.Build.0 = Release|x64
		{FC113D51-4CE0-4EE8-A319-21F86E357AEB}.Release|x86.ActiveCfg = Release|Win32
		{FC113D51-4CE0-4EE8-A319-21F86E357AEB}.Release|x86.Build.0 = Release|Win32
		{FC113D51-4CE0-4EE8-A319-21F86E357AEB}.ReleaseBuild|Mixed Platforms.ActiveCfg = ReleaseBuild|Win32
		{FC113D51-4CE0-4EE8-A319-21F86E357AEB}.ReleaseBuild|Mixed Platforms.Build.0 = ReleaseBuild|Win32
		{FC113D51-4CE0-4EE8-A319-21F86E357AEB}.ReleaseBuild|Win32.ActiveCfg = ReleaseBuild|Win32
		{FC113D51-4CE0-4EE8-A319-21F86E357AEB}.ReleaseBuild|Win32.Build.0 = ReleaseBuild|Win32
		{FC113D51-4CE0-4EE8-A319-21F86E357AEB}.ReleaseBuild|x64.ActiveCfg = ReleaseBuild|x64
		{FC113D51-4CE0-4EE8-A319-21F86E357AEB}.ReleaseBuild|x64.Build.0 = ReleaseBuild|x64
		{FC113D51-4CE0-4EE8-A319-21F86E357AEB}.ReleaseBuild|x86.ActiveCfg = ReleaseBuild|Win32
		{FC113D51-4CE0-4EE8-A319-21F86E357AEB}.ReleaseBuild|x86.Build.0 = ReleaseBuild|Win32
		{D83663D1-4312-4F66-9CC3-895CEA218CE9}.Debug|Mixed Platforms.ActiveCfg = Debug|Win32
		{D83663D1-4312-4F66-9CC3-895CEA218CE9}.Debug|Mixed Platforms.Build.0 = Debug|Win32
		{D83663D1-4312-4F66-9CC3-895CEA218CE9}.Debug|Win32.ActiveCfg = Debug|Win32
		{D83663D1-4312-4F66-9CC3-895CEA218CE9}.Debug|Win32.Build.0 = Debug|Win32
		{D83663D1-4312-4F66-9CC3-895CEA218CE9}.Debug|x64.ActiveCfg = Debug|x64
		{D83663D1-4312-4F66-9CC3-895CEA218CE9}.Debug|x64.Build.0 = Debug|x64
		{D83663D1-4312-4F66-9CC3-895CEA218CE9}.Debug|x86.ActiveCfg = Debug|Win32
		{D83663D1-4312-4F66-9CC3-895CEA218CE9}.Debug|x86.Build.0 = Debug|Win32
		{D83663D1-4312-4F66-9CC3-895CEA218CE9}.dummy|Mixed Platforms.ActiveCfg = Debug|Win32
		{D83663D1-4312-4F66-9CC3-895CEA218CE9}.dummy|Mixed Platforms.Build.0 = Debug|Win32
		{D83663D1-4312-4F66-9CC3-895CEA218CE9}.dummy|Win32.ActiveCfg = Debug|Win32
		{D83663D1-4312-4F66-9CC3-895CEA218CE9}.dummy|Win32.Build.0 = Debug|Win32
		{D83663D1-4312-4F66-9CC3-895CEA218CE9}.dummy|x64.ActiveCfg = Debug|x64
		{D83663D1-4312-4F66-9CC3-895CEA218CE9}.dummy|x64.Build.0 = Debug|x64
		{D83663D1-4312-4F66-9CC3-895CEA218CE9}.dummy|x86.ActiveCfg = Debug|Win32
		{D83663D1-4312-4F66-9CC3-895CEA218CE9}.dummy|x86.Build.0 = Debug|Win32
		{D83663D1-4312-4F66-9CC3-895CEA218CE9}.Release|Mixed Platforms.ActiveCfg = Release|Win32
		{D83663D1-4312-4F66-9CC3-895CEA218CE9}.Release|Mixed Platforms.Build.0 = Release|Win32
		{D83663D1-4312-4F66-9CC3-895CEA218CE9}.Release|Win32.ActiveCfg = Release|Win32
		{D83663D1-4312-4F66-9CC3-895CEA218CE9}.Release|Win32.Build.0 = Release|Win32
		{D83663D1-4312-4F66-9CC3-895CEA218CE9}.Release|x64.ActiveCfg = Release|x64
		{D83663D1-4312-4F66-9CC3-895CEA218CE9}.Release|x64.Build.0 = Release|x64
		{D83663D1-4312-4F66-9CC3-895CEA218CE9}.Release|x86.ActiveCfg = Release|Win32
		{D83663D1-4312-4F66-9CC3-895CEA218CE9}.Release|x86.Build.0 = Release|Win32
		{D83663D1-4312-4F66-9CC3-895CEA218CE9}.ReleaseBuild|Mixed Platforms.ActiveCfg = Release|Win32
		{D83663D1-4312-4F66-9CC3-895CEA218CE9}.ReleaseBuild|Mixed Platforms.Build.0 = Release|Win32
		{D83663D1-4312-4F66-9CC3-895CEA218CE9}.ReleaseBuild|Win32.ActiveCfg = Release|Win32
		{D83663D1-4312-4F66-9CC3-895CEA218CE9}.ReleaseBuild|Win32.Build.0 = Release|Win32
		{D83663D1-4312-4F66-9CC3-895CEA218CE9}.ReleaseBuild|x64.ActiveCfg = Release|x64
		{D83663D1-4312-4F66-9CC3-895CEA218CE9}.ReleaseBuild|x64.Build.0 = Release|x64
		{D83663D1-4312-4F66-9CC3-895CEA218CE9}.ReleaseBuild|x86.ActiveCfg = Release|Win32
		{D83663D1-4312-4F66-9CC3-895CEA218CE9}.ReleaseBuild|x86.Build.0 = Release|Win32
	EndGlobalSection
	GlobalSection(SolutionProperties) = preSolution
		HideSolutionNode = FALSE
	EndGlobalSection
	GlobalSection(ExtensibilityGlobals) = postSolution
		SolutionGuid = {8B2FFC8C-D711-46FA-84A3-1A569EF59265}
	EndGlobalSection
EndGlobal
